
Microsoft Visual Studio Solution File, Format Version 12.00
# Visual Studio Version 17
VisualStudioVersion = 17.0.32126.317
MinimumVisualStudioVersion = 10.0.40219.1
Project("{9A19103F-16F7-4668-BE54-9A1E7A4F7556}") = "MvcFront", "MvcFront\MvcFront.csproj", "{1D5E5AB5-D85C-4EC2-ADFF-E9FF00E4BEC7}"
EndProject
Project("{9A19103F-16F7-4668-BE54-9A1E7A4F7556}") = "OrdersApi", "OrdersApi\OrdersApi.csproj", "{65BEB045-C06B-4CE8-AED5-E6F134CFF4C7}"
EndProject
Project("{2150E333-8FDC-42A3-9474-1A3956D46DE8}") = "Solution Items", "Solution Items", "{AC531DB4-88DD-4214-853B-A02633B33930}"
	ProjectSection(SolutionItems) = preProject
		AzureResourceConfigurations\Azure-Face.PNG = AzureResourceConfigurations\Azure-Face.PNG
		Dapr-Building-Blocks.png = Dapr-Building-Blocks.png
		launch.bat = launch.bat
		Readme.md = Readme.md
		tye.yaml = tye.yaml
	EndProjectSection
EndProject
Project("{9A19103F-16F7-4668-BE54-9A1E7A4F7556}") = "FacesApi", "FacesApi\FacesApi.csproj", "{F037564A-6D00-43A2-9011-5EE2A2479BB5}"
EndProject
Project("{9A19103F-16F7-4668-BE54-9A1E7A4F7556}") = "NotificationApi", "NotificationApi\NotificationApi.csproj", "{CF577430-8808-4202-B133-00EA5D882057}"
EndProject
Global
	GlobalSection(SolutionConfigurationPlatforms) = preSolution
		Debug|Any CPU = Debug|Any CPU
		Release|Any CPU = Release|Any CPU
	EndGlobalSection
	GlobalSection(ProjectConfigurationPlatforms) = postSolution
		{1D5E5AB5-D85C-4EC2-ADFF-E9FF00E4BEC7}.Debug|Any CPU.ActiveCfg = Debug|Any CPU
		{1D5E5AB5-D85C-4EC2-ADFF-E9FF00E4BEC7}.Debug|Any CPU.Build.0 = Debug|Any CPU
		{1D5E5AB5-D85C-4EC2-ADFF-E9FF00E4BEC7}.Release|Any CPU.ActiveCfg = Release|Any CPU
		{1D5E5AB5-D85C-4EC2-ADFF-E9FF00E4BEC7}.Release|Any CPU.Build.0 = Release|Any CPU
		{65BEB045-C06B-4CE8-AED5-E6F134CFF4C7}.Debug|Any CPU.ActiveCfg = Debug|Any CPU
		{65BEB045-C06B-4CE8-AED5-E6F134CFF4C7}.Debug|Any CPU.Build.0 = Debug|Any CPU
		{65BEB045-C06B-4CE8-AED5-E6F134CFF4C7}.Release|Any CPU.ActiveCfg = Release|Any CPU
		{65BEB045-C06B-4CE8-AED5-E6F134CFF4C7}.Release|Any CPU.Build.0 = Release|Any CPU
		{F037564A-6D00-43A2-9011-5EE2A2479BB5}.Debug|Any CPU.ActiveCfg = Debug|Any CPU
		{F037564A-6D00-43A2-9011-5EE2A2479BB5}.Debug|Any CPU.Build.0 = Debug|Any CPU
		{F037564A-6D00-43A2-9011-5EE2A2479BB5}.Release|Any CPU.ActiveCfg = Release|Any CPU
		{F037564A-6D00-43A2-9011-5EE2A2479BB5}.Release|Any CPU.Build.0 = Release|Any CPU
		{CF577430-8808-4202-B133-00EA5D882057}.Debug|Any CPU.ActiveCfg = Debug|Any CPU
		{CF577430-8808-4202-B133-00EA5D882057}.Debug|Any CPU.Build.0 = Debug|Any CPU
		{CF577430-8808-4202-B133-00EA5D882057}.Release|Any CPU.ActiveCfg = Release|Any CPU
		{CF577430-8808-4202-B133-00EA5D882057}.Release|Any CPU.Build.0 = Release|Any CPU
	EndGlobalSection
	GlobalSection(SolutionProperties) = preSolution
		HideSolutionNode = FALSE
	EndGlobalSection
	GlobalSection(ExtensibilityGlobals) = postSolution
		SolutionGuid = {CE491B69-9977-424F-8545-4A89C573AD9D}
	EndGlobalSection
EndGlobal
